// !$*UTF8*$!
{
	archiveVersion = 1;
	classes = {
	};
	objectVersion = 55;
	objects = {

/* Begin PBXBuildFile section */
		A987746127779A9D00A62B47 /* BulletWeapon.swift in Sources */ = {isa = PBXBuildFile; fileRef = A987746027779A9D00A62B47 /* BulletWeapon.swift */; };
		A98774652777A09D00A62B47 /* Weapon.swift in Sources */ = {isa = PBXBuildFile; fileRef = A98774642777A09D00A62B47 /* Weapon.swift */; };
		A98774692777C6BF00A62B47 /* GameViewModel.swift in Sources */ = {isa = PBXBuildFile; fileRef = A98774682777C6BF00A62B47 /* GameViewModel.swift */; };
		A987746C2777C93500A62B47 /* Level.swift in Sources */ = {isa = PBXBuildFile; fileRef = A987746B2777C93500A62B47 /* Level.swift */; };
		A987746E2777C95000A62B47 /* FirstLevel.swift in Sources */ = {isa = PBXBuildFile; fileRef = A987746D2777C95000A62B47 /* FirstLevel.swift */; };
		A98774712778E49700A62B47 /* WaveSpawner.swift in Sources */ = {isa = PBXBuildFile; fileRef = A98774702778E49700A62B47 /* WaveSpawner.swift */; };
		A9877476277916F900A62B47 /* RouteCreator.swift in Sources */ = {isa = PBXBuildFile; fileRef = A9877475277916F900A62B47 /* RouteCreator.swift */; };
		A98774792779178E00A62B47 /* Wave.swift in Sources */ = {isa = PBXBuildFile; fileRef = A98774782779178E00A62B47 /* Wave.swift */; };
		A987747C2779259400A62B47 /* PositionCreator.swift in Sources */ = {isa = PBXBuildFile; fileRef = A987747B2779259400A62B47 /* PositionCreator.swift */; };
		A9A1443A276FE32E00E33C79 /* Coordinator.swift in Sources */ = {isa = PBXBuildFile; fileRef = A9A14439276FE32E00E33C79 /* Coordinator.swift */; };
		A9A1443C276FE38800E33C79 /* AppCoordinator.swift in Sources */ = {isa = PBXBuildFile; fileRef = A9A1443B276FE38800E33C79 /* AppCoordinator.swift */; };
		A9A1443E276FE4A600E33C79 /* GameCoordinator.swift in Sources */ = {isa = PBXBuildFile; fileRef = A9A1443D276FE4A600E33C79 /* GameCoordinator.swift */; };
		A9A14440276FE71400E33C79 /* Dependencies.swift in Sources */ = {isa = PBXBuildFile; fileRef = A9A1443F276FE71400E33C79 /* Dependencies.swift */; };
		A9CA71D3276F7459009CC78B /* AppDelegate.swift in Sources */ = {isa = PBXBuildFile; fileRef = A9CA71D2276F7459009CC78B /* AppDelegate.swift */; };
		A9CA71D5276F7459009CC78B /* SceneDelegate.swift in Sources */ = {isa = PBXBuildFile; fileRef = A9CA71D4276F7459009CC78B /* SceneDelegate.swift */; };
		A9CA71D7276F7459009CC78B /* GameViewController.swift in Sources */ = {isa = PBXBuildFile; fileRef = A9CA71D6276F7459009CC78B /* GameViewController.swift */; };
		A9CA71DC276F745A009CC78B /* Assets.xcassets in Resources */ = {isa = PBXBuildFile; fileRef = A9CA71DB276F745A009CC78B /* Assets.xcassets */; };
		A9CA71DF276F745A009CC78B /* LaunchScreen.storyboard in Resources */ = {isa = PBXBuildFile; fileRef = A9CA71DD276F745A009CC78B /* LaunchScreen.storyboard */; };
		CE74052B2777710F00E386BF /* Entity.swift in Sources */ = {isa = PBXBuildFile; fileRef = CE74052A2777710F00E386BF /* Entity.swift */; };
		CE74052D277771D100E386BF /* Bullet.swift in Sources */ = {isa = PBXBuildFile; fileRef = CE74052C277771D100E386BF /* Bullet.swift */; };
		CE7405312777732A00E386BF /* Enemy.swift in Sources */ = {isa = PBXBuildFile; fileRef = CE7405302777732A00E386BF /* Enemy.swift */; };
		CE7405332777736F00E386BF /* Player.swift in Sources */ = {isa = PBXBuildFile; fileRef = CE7405322777736F00E386BF /* Player.swift */; };
		CE7405352777755300E386BF /* Spaceship.swift in Sources */ = {isa = PBXBuildFile; fileRef = CE7405342777755300E386BF /* Spaceship.swift */; };
		FCFE51AD74766EF6DB61D3AD /* Pods_Wonderful_HITS_Shooter.framework in Frameworks */ = {isa = PBXBuildFile; fileRef = A5C17E66635FA8B4EBAF680F /* Pods_Wonderful_HITS_Shooter.framework */; };
/* End PBXBuildFile section */

/* Begin PBXFileReference section */
		2AB878125578DD40642BBD46 /* Pods-Wonderful HITS Shooter.release.xcconfig */ = {isa = PBXFileReference; includeInIndex = 1; lastKnownFileType = text.xcconfig; name = "Pods-Wonderful HITS Shooter.release.xcconfig"; path = "Target Support Files/Pods-Wonderful HITS Shooter/Pods-Wonderful HITS Shooter.release.xcconfig"; sourceTree = "<group>"; };
		A5C17E66635FA8B4EBAF680F /* Pods_Wonderful_HITS_Shooter.framework */ = {isa = PBXFileReference; explicitFileType = wrapper.framework; includeInIndex = 0; path = Pods_Wonderful_HITS_Shooter.framework; sourceTree = BUILT_PRODUCTS_DIR; };
		A927A7BDF33A60BFA3190120 /* Pods-Wonderful HITS Shooter.debug.xcconfig */ = {isa = PBXFileReference; includeInIndex = 1; lastKnownFileType = text.xcconfig; name = "Pods-Wonderful HITS Shooter.debug.xcconfig"; path = "Target Support Files/Pods-Wonderful HITS Shooter/Pods-Wonderful HITS Shooter.debug.xcconfig"; sourceTree = "<group>"; };
		A987746027779A9D00A62B47 /* BulletWeapon.swift */ = {isa = PBXFileReference; lastKnownFileType = sourcecode.swift; path = BulletWeapon.swift; sourceTree = "<group>"; };
		A98774642777A09D00A62B47 /* Weapon.swift */ = {isa = PBXFileReference; lastKnownFileType = sourcecode.swift; path = Weapon.swift; sourceTree = "<group>"; };
		A98774682777C6BF00A62B47 /* GameViewModel.swift */ = {isa = PBXFileReference; lastKnownFileType = sourcecode.swift; path = GameViewModel.swift; sourceTree = "<group>"; };
		A987746B2777C93500A62B47 /* Level.swift */ = {isa = PBXFileReference; lastKnownFileType = sourcecode.swift; path = Level.swift; sourceTree = "<group>"; };
		A987746D2777C95000A62B47 /* FirstLevel.swift */ = {isa = PBXFileReference; lastKnownFileType = sourcecode.swift; path = FirstLevel.swift; sourceTree = "<group>"; };
		A98774702778E49700A62B47 /* WaveSpawner.swift */ = {isa = PBXFileReference; lastKnownFileType = sourcecode.swift; path = WaveSpawner.swift; sourceTree = "<group>"; };
		A9877475277916F900A62B47 /* RouteCreator.swift */ = {isa = PBXFileReference; lastKnownFileType = sourcecode.swift; path = RouteCreator.swift; sourceTree = "<group>"; };
		A98774782779178E00A62B47 /* Wave.swift */ = {isa = PBXFileReference; lastKnownFileType = sourcecode.swift; path = Wave.swift; sourceTree = "<group>"; };
		A987747B2779259400A62B47 /* PositionCreator.swift */ = {isa = PBXFileReference; lastKnownFileType = sourcecode.swift; path = PositionCreator.swift; sourceTree = "<group>"; };
		A9A14439276FE32E00E33C79 /* Coordinator.swift */ = {isa = PBXFileReference; lastKnownFileType = sourcecode.swift; path = Coordinator.swift; sourceTree = "<group>"; };
		A9A1443B276FE38800E33C79 /* AppCoordinator.swift */ = {isa = PBXFileReference; lastKnownFileType = sourcecode.swift; path = AppCoordinator.swift; sourceTree = "<group>"; };
		A9A1443D276FE4A600E33C79 /* GameCoordinator.swift */ = {isa = PBXFileReference; lastKnownFileType = sourcecode.swift; path = GameCoordinator.swift; sourceTree = "<group>"; };
		A9A1443F276FE71400E33C79 /* Dependencies.swift */ = {isa = PBXFileReference; lastKnownFileType = sourcecode.swift; path = Dependencies.swift; sourceTree = "<group>"; };
		A9CA71CF276F7459009CC78B /* Wonderful HITS Shooter.app */ = {isa = PBXFileReference; explicitFileType = wrapper.application; includeInIndex = 0; path = "Wonderful HITS Shooter.app"; sourceTree = BUILT_PRODUCTS_DIR; };
		A9CA71D2276F7459009CC78B /* AppDelegate.swift */ = {isa = PBXFileReference; lastKnownFileType = sourcecode.swift; path = AppDelegate.swift; sourceTree = "<group>"; };
		A9CA71D4276F7459009CC78B /* SceneDelegate.swift */ = {isa = PBXFileReference; lastKnownFileType = sourcecode.swift; path = SceneDelegate.swift; sourceTree = "<group>"; };
		A9CA71D6276F7459009CC78B /* GameViewController.swift */ = {isa = PBXFileReference; lastKnownFileType = sourcecode.swift; path = GameViewController.swift; sourceTree = "<group>"; };
		A9CA71DB276F745A009CC78B /* Assets.xcassets */ = {isa = PBXFileReference; lastKnownFileType = folder.assetcatalog; path = Assets.xcassets; sourceTree = "<group>"; };
		A9CA71DE276F745A009CC78B /* Base */ = {isa = PBXFileReference; lastKnownFileType = file.storyboard; name = Base; path = Base.lproj/LaunchScreen.storyboard; sourceTree = "<group>"; };
		A9CA71E0276F745A009CC78B /* Info.plist */ = {isa = PBXFileReference; lastKnownFileType = text.plist.xml; path = Info.plist; sourceTree = "<group>"; };
		CE74052A2777710F00E386BF /* Entity.swift */ = {isa = PBXFileReference; lastKnownFileType = sourcecode.swift; path = Entity.swift; sourceTree = "<group>"; };
		CE74052C277771D100E386BF /* Bullet.swift */ = {isa = PBXFileReference; lastKnownFileType = sourcecode.swift; path = Bullet.swift; sourceTree = "<group>"; };
		CE7405302777732A00E386BF /* Enemy.swift */ = {isa = PBXFileReference; lastKnownFileType = sourcecode.swift; path = Enemy.swift; sourceTree = "<group>"; };
		CE7405322777736F00E386BF /* Player.swift */ = {isa = PBXFileReference; lastKnownFileType = sourcecode.swift; path = Player.swift; sourceTree = "<group>"; };
		CE7405342777755300E386BF /* Spaceship.swift */ = {isa = PBXFileReference; lastKnownFileType = sourcecode.swift; path = Spaceship.swift; sourceTree = "<group>"; };
/* End PBXFileReference section */

/* Begin PBXFrameworksBuildPhase section */
		A9CA71CC276F7459009CC78B /* Frameworks */ = {
			isa = PBXFrameworksBuildPhase;
			buildActionMask = 2147483647;
			files = (
				FCFE51AD74766EF6DB61D3AD /* Pods_Wonderful_HITS_Shooter.framework in Frameworks */,
			);
			runOnlyForDeploymentPostprocessing = 0;
		};
/* End PBXFrameworksBuildPhase section */

/* Begin PBXGroup section */
		A98774662777C69D00A62B47 /* ViewModels */ = {
			isa = PBXGroup;
			children = (
				A98774682777C6BF00A62B47 /* GameViewModel.swift */,
			);
			path = ViewModels;
			sourceTree = "<group>";
		};
		A98774672777C6AD00A62B47 /* ViewControllers */ = {
			isa = PBXGroup;
			children = (
				A9CA71D6276F7459009CC78B /* GameViewController.swift */,
			);
			path = ViewControllers;
			sourceTree = "<group>";
		};
		A987746A2777C92200A62B47 /* Levels */ = {
			isa = PBXGroup;
			children = (
				A987746B2777C93500A62B47 /* Level.swift */,
				A987746D2777C95000A62B47 /* FirstLevel.swift */,
			);
			path = Levels;
			sourceTree = "<group>";
		};
		A987746F2778E48700A62B47 /* Wave Spawners */ = {
			isa = PBXGroup;
			children = (
				A98774702778E49700A62B47 /* WaveSpawner.swift */,
			);
			path = "Wave Spawners";
			sourceTree = "<group>";
		};
		A9877474277916C000A62B47 /* Route Creators */ = {
			isa = PBXGroup;
			children = (
				A9877475277916F900A62B47 /* RouteCreator.swift */,
			);
			path = "Route Creators";
			sourceTree = "<group>";
		};
		A98774772779178500A62B47 /* Waves */ = {
			isa = PBXGroup;
			children = (
				A98774782779178E00A62B47 /* Wave.swift */,
			);
			path = Waves;
			sourceTree = "<group>";
		};
		A987747A2779256A00A62B47 /* Position Creators */ = {
			isa = PBXGroup;
			children = (
				A987747B2779259400A62B47 /* PositionCreator.swift */,
			);
			path = "Position Creators";
			sourceTree = "<group>";
		};
		A9CA71C6276F7459009CC78B = {
			isa = PBXGroup;
			children = (
				A9CA71D1276F7459009CC78B /* Wonderful HITS Shooter */,
				A9CA71D0276F7459009CC78B /* Products */,
				C59D94C0D61640D484475622 /* Pods */,
				BD7A338F7B3C2903C2DD54DC /* Frameworks */,
			);
			sourceTree = "<group>";
		};
		A9CA71D0276F7459009CC78B /* Products */ = {
			isa = PBXGroup;
			children = (
				A9CA71CF276F7459009CC78B /* Wonderful HITS Shooter.app */,
			);
			name = Products;
			sourceTree = "<group>";
		};
		A9CA71D1276F7459009CC78B /* Wonderful HITS Shooter */ = {
			isa = PBXGroup;
			children = (
				CE74052727776FE700E386BF /* Game */,
				A9CA71EA276F805F009CC78B /* Support */,
				A9CA71E9276F8040009CC78B /* Scenes */,
				A9CA71E8276F8038009CC78B /* Constants */,
				A9CA71DB276F745A009CC78B /* Assets.xcassets */,
				A9CA71D2276F7459009CC78B /* AppDelegate.swift */,
				A9CA71D4276F7459009CC78B /* SceneDelegate.swift */,
				A9CA71E0276F745A009CC78B /* Info.plist */,
			);
			path = "Wonderful HITS Shooter";
			sourceTree = "<group>";
		};
		A9CA71E7276F7B72009CC78B /* Game */ = {
			isa = PBXGroup;
			children = (
				A98774672777C6AD00A62B47 /* ViewControllers */,
				A98774662777C69D00A62B47 /* ViewModels */,
				A9A1443D276FE4A600E33C79 /* GameCoordinator.swift */,
			);
			path = Game;
			sourceTree = "<group>";
		};
		A9CA71E8276F8038009CC78B /* Constants */ = {
			isa = PBXGroup;
			children = (
			);
			path = Constants;
			sourceTree = "<group>";
		};
		A9CA71E9276F8040009CC78B /* Scenes */ = {
			isa = PBXGroup;
			children = (
				A9CA71E7276F7B72009CC78B /* Game */,
				A9CA71DD276F745A009CC78B /* LaunchScreen.storyboard */,
			);
			path = Scenes;
			sourceTree = "<group>";
		};
		A9CA71EA276F805F009CC78B /* Support */ = {
			isa = PBXGroup;
			children = (
				A9A14439276FE32E00E33C79 /* Coordinator.swift */,
				A9A1443B276FE38800E33C79 /* AppCoordinator.swift */,
				A9A1443F276FE71400E33C79 /* Dependencies.swift */,
			);
			path = Support;
			sourceTree = "<group>";
		};
		BD7A338F7B3C2903C2DD54DC /* Frameworks */ = {
			isa = PBXGroup;
			children = (
				A5C17E66635FA8B4EBAF680F /* Pods_Wonderful_HITS_Shooter.framework */,
			);
			name = Frameworks;
			sourceTree = "<group>";
		};
		C59D94C0D61640D484475622 /* Pods */ = {
			isa = PBXGroup;
			children = (
				A927A7BDF33A60BFA3190120 /* Pods-Wonderful HITS Shooter.debug.xcconfig */,
				2AB878125578DD40642BBD46 /* Pods-Wonderful HITS Shooter.release.xcconfig */,
			);
			path = Pods;
			sourceTree = "<group>";
		};
		CE74052727776FE700E386BF /* Game */ = {
			isa = PBXGroup;
			children = (
				A98774772779178500A62B47 /* Waves */,
				A987747A2779256A00A62B47 /* Position Creators */,
				A9877474277916C000A62B47 /* Route Creators */,
				A987746F2778E48700A62B47 /* Wave Spawners */,
				A987746A2777C92200A62B47 /* Levels */,
				CE74052A2777710F00E386BF /* Entity.swift */,
				CE74052C277771D100E386BF /* Bullet.swift */,
				CE7405302777732A00E386BF /* Enemy.swift */,
				CE7405322777736F00E386BF /* Player.swift */,
				CE7405342777755300E386BF /* Spaceship.swift */,
				A987746027779A9D00A62B47 /* BulletWeapon.swift */,
				A98774642777A09D00A62B47 /* Weapon.swift */,
			);
			path = Game;
			sourceTree = "<group>";
		};
/* End PBXGroup section */

/* Begin PBXNativeTarget section */
		A9CA71CE276F7459009CC78B /* Wonderful HITS Shooter */ = {
			isa = PBXNativeTarget;
			buildConfigurationList = A9CA71E3276F745A009CC78B /* Build configuration list for PBXNativeTarget "Wonderful HITS Shooter" */;
			buildPhases = (
				67599A011D3C656DC5447CB1 /* [CP] Check Pods Manifest.lock */,
				A9CA71CB276F7459009CC78B /* Sources */,
				A9CA71CC276F7459009CC78B /* Frameworks */,
				A9CA71CD276F7459009CC78B /* Resources */,
				A43F696ED76F806BF2BD361F /* [CP] Embed Pods Frameworks */,
			);
			buildRules = (
			);
			dependencies = (
			);
			name = "Wonderful HITS Shooter";
			productName = "Wonderful HITS Shooter";
			productReference = A9CA71CF276F7459009CC78B /* Wonderful HITS Shooter.app */;
			productType = "com.apple.product-type.application";
		};
/* End PBXNativeTarget section */

/* Begin PBXProject section */
		A9CA71C7276F7459009CC78B /* Project object */ = {
			isa = PBXProject;
			attributes = {
				BuildIndependentTargetsInParallel = 1;
				LastSwiftUpdateCheck = 1310;
				LastUpgradeCheck = 1310;
				TargetAttributes = {
					A9CA71CE276F7459009CC78B = {
						CreatedOnToolsVersion = 13.1;
					};
				};
			};
			buildConfigurationList = A9CA71CA276F7459009CC78B /* Build configuration list for PBXProject "Wonderful HITS Shooter" */;
			compatibilityVersion = "Xcode 13.0";
			developmentRegion = en;
			hasScannedForEncodings = 0;
			knownRegions = (
				en,
				Base,
			);
			mainGroup = A9CA71C6276F7459009CC78B;
			productRefGroup = A9CA71D0276F7459009CC78B /* Products */;
			projectDirPath = "";
			projectRoot = "";
			targets = (
				A9CA71CE276F7459009CC78B /* Wonderful HITS Shooter */,
			);
		};
/* End PBXProject section */

/* Begin PBXResourcesBuildPhase section */
		A9CA71CD276F7459009CC78B /* Resources */ = {
			isa = PBXResourcesBuildPhase;
			buildActionMask = 2147483647;
			files = (
				A9CA71DF276F745A009CC78B /* LaunchScreen.storyboard in Resources */,
				A9CA71DC276F745A009CC78B /* Assets.xcassets in Resources */,
			);
			runOnlyForDeploymentPostprocessing = 0;
		};
/* End PBXResourcesBuildPhase section */

/* Begin PBXShellScriptBuildPhase section */
		67599A011D3C656DC5447CB1 /* [CP] Check Pods Manifest.lock */ = {
			isa = PBXShellScriptBuildPhase;
			buildActionMask = 2147483647;
			files = (
			);
			inputFileListPaths = (
			);
			inputPaths = (
				"${PODS_PODFILE_DIR_PATH}/Podfile.lock",
				"${PODS_ROOT}/Manifest.lock",
			);
			name = "[CP] Check Pods Manifest.lock";
			outputFileListPaths = (
			);
			outputPaths = (
				"$(DERIVED_FILE_DIR)/Pods-Wonderful HITS Shooter-checkManifestLockResult.txt",
			);
			runOnlyForDeploymentPostprocessing = 0;
			shellPath = /bin/sh;
			shellScript = "diff \"${PODS_PODFILE_DIR_PATH}/Podfile.lock\" \"${PODS_ROOT}/Manifest.lock\" > /dev/null\nif [ $? != 0 ] ; then\n    # print error to STDERR\n    echo \"error: The sandbox is not in sync with the Podfile.lock. Run 'pod install' or update your CocoaPods installation.\" >&2\n    exit 1\nfi\n# This output is used by Xcode 'outputs' to avoid re-running this script phase.\necho \"SUCCESS\" > \"${SCRIPT_OUTPUT_FILE_0}\"\n";
			showEnvVarsInLog = 0;
		};
		A43F696ED76F806BF2BD361F /* [CP] Embed Pods Frameworks */ = {
			isa = PBXShellScriptBuildPhase;
			buildActionMask = 2147483647;
			files = (
			);
			inputFileListPaths = (
				"${PODS_ROOT}/Target Support Files/Pods-Wonderful HITS Shooter/Pods-Wonderful HITS Shooter-frameworks-${CONFIGURATION}-input-files.xcfilelist",
			);
			name = "[CP] Embed Pods Frameworks";
			outputFileListPaths = (
				"${PODS_ROOT}/Target Support Files/Pods-Wonderful HITS Shooter/Pods-Wonderful HITS Shooter-frameworks-${CONFIGURATION}-output-files.xcfilelist",
			);
			runOnlyForDeploymentPostprocessing = 0;
			shellPath = /bin/sh;
			shellScript = "\"${PODS_ROOT}/Target Support Files/Pods-Wonderful HITS Shooter/Pods-Wonderful HITS Shooter-frameworks.sh\"\n";
			showEnvVarsInLog = 0;
		};
/* End PBXShellScriptBuildPhase section */

/* Begin PBXSourcesBuildPhase section */
		A9CA71CB276F7459009CC78B /* Sources */ = {
			isa = PBXSourcesBuildPhase;
			buildActionMask = 2147483647;
			files = (
				A987746C2777C93500A62B47 /* Level.swift in Sources */,
				A9A14440276FE71400E33C79 /* Dependencies.swift in Sources */,
				A9A1443A276FE32E00E33C79 /* Coordinator.swift in Sources */,
				A9A1443E276FE4A600E33C79 /* GameCoordinator.swift in Sources */,
				A98774692777C6BF00A62B47 /* GameViewModel.swift in Sources */,
				A9CA71D7276F7459009CC78B /* GameViewController.swift in Sources */,
				A98774712778E49700A62B47 /* WaveSpawner.swift in Sources */,
				A98774652777A09D00A62B47 /* Weapon.swift in Sources */,
				A987746127779A9D00A62B47 /* BulletWeapon.swift in Sources */,
				CE7405332777736F00E386BF /* Player.swift in Sources */,
				CE74052B2777710F00E386BF /* Entity.swift in Sources */,
				A9A1443C276FE38800E33C79 /* AppCoordinator.swift in Sources */,
				A9877476277916F900A62B47 /* RouteCreator.swift in Sources */,
				CE7405312777732A00E386BF /* Enemy.swift in Sources */,
				A987746E2777C95000A62B47 /* FirstLevel.swift in Sources */,
				CE7405352777755300E386BF /* Spaceship.swift in Sources */,
				CE74052D277771D100E386BF /* Bullet.swift in Sources */,
				A98774792779178E00A62B47 /* Wave.swift in Sources */,
				A9CA71D3276F7459009CC78B /* AppDelegate.swift in Sources */,
				A9CA71D5276F7459009CC78B /* SceneDelegate.swift in Sources */,
				A987747C2779259400A62B47 /* PositionCreator.swift in Sources */,
			);
			runOnlyForDeploymentPostprocessing = 0;
		};
/* End PBXSourcesBuildPhase section */

/* Begin PBXVariantGroup section */
		A9CA71DD276F745A009CC78B /* LaunchScreen.storyboard */ = {
			isa = PBXVariantGroup;
			children = (
				A9CA71DE276F745A009CC78B /* Base */,
			);
			name = LaunchScreen.storyboard;
			sourceTree = "<group>";
		};
/* End PBXVariantGroup section */

/* Begin XCBuildConfiguration section */
		A9CA71E1276F745A009CC78B /* Debug */ = {
			isa = XCBuildConfiguration;
			buildSettings = {
				ALWAYS_SEARCH_USER_PATHS = NO;
				CLANG_ANALYZER_NONNULL = YES;
				CLANG_ANALYZER_NUMBER_OBJECT_CONVERSION = YES_AGGRESSIVE;
				CLANG_CXX_LANGUAGE_STANDARD = "gnu++17";
				CLANG_CXX_LIBRARY = "libc++";
				CLANG_ENABLE_MODULES = YES;
				CLANG_ENABLE_OBJC_ARC = YES;
				CLANG_ENABLE_OBJC_WEAK = YES;
				CLANG_WARN_BLOCK_CAPTURE_AUTORELEASING = YES;
				CLANG_WARN_BOOL_CONVERSION = YES;
				CLANG_WARN_COMMA = YES;
				CLANG_WARN_CONSTANT_CONVERSION = YES;
				CLANG_WARN_DEPRECATED_OBJC_IMPLEMENTATIONS = YES;
				CLANG_WARN_DIRECT_OBJC_ISA_USAGE = YES_ERROR;
				CLANG_WARN_DOCUMENTATION_COMMENTS = YES;
				CLANG_WARN_EMPTY_BODY = YES;
				CLANG_WARN_ENUM_CONVERSION = YES;
				CLANG_WARN_INFINITE_RECURSION = YES;
				CLANG_WARN_INT_CONVERSION = YES;
				CLANG_WARN_NON_LITERAL_NULL_CONVERSION = YES;
				CLANG_WARN_OBJC_IMPLICIT_RETAIN_SELF = YES;
				CLANG_WARN_OBJC_LITERAL_CONVERSION = YES;
				CLANG_WARN_OBJC_ROOT_CLASS = YES_ERROR;
				CLANG_WARN_QUOTED_INCLUDE_IN_FRAMEWORK_HEADER = YES;
				CLANG_WARN_RANGE_LOOP_ANALYSIS = YES;
				CLANG_WARN_STRICT_PROTOTYPES = YES;
				CLANG_WARN_SUSPICIOUS_MOVE = YES;
				CLANG_WARN_UNGUARDED_AVAILABILITY = YES_AGGRESSIVE;
				CLANG_WARN_UNREACHABLE_CODE = YES;
				CLANG_WARN__DUPLICATE_METHOD_MATCH = YES;
				COPY_PHASE_STRIP = NO;
				DEBUG_INFORMATION_FORMAT = dwarf;
				ENABLE_STRICT_OBJC_MSGSEND = YES;
				ENABLE_TESTABILITY = YES;
				GCC_C_LANGUAGE_STANDARD = gnu11;
				GCC_DYNAMIC_NO_PIC = NO;
				GCC_NO_COMMON_BLOCKS = YES;
				GCC_OPTIMIZATION_LEVEL = 0;
				GCC_PREPROCESSOR_DEFINITIONS = (
					"DEBUG=1",
					"$(inherited)",
				);
				GCC_WARN_64_TO_32_BIT_CONVERSION = YES;
				GCC_WARN_ABOUT_RETURN_TYPE = YES_ERROR;
				GCC_WARN_UNDECLARED_SELECTOR = YES;
				GCC_WARN_UNINITIALIZED_AUTOS = YES_AGGRESSIVE;
				GCC_WARN_UNUSED_FUNCTION = YES;
				GCC_WARN_UNUSED_VARIABLE = YES;
				IPHONEOS_DEPLOYMENT_TARGET = 13.0;
				MTL_ENABLE_DEBUG_INFO = INCLUDE_SOURCE;
				MTL_FAST_MATH = YES;
				ONLY_ACTIVE_ARCH = YES;
				SDKROOT = iphoneos;
				SWIFT_ACTIVE_COMPILATION_CONDITIONS = DEBUG;
				SWIFT_OPTIMIZATION_LEVEL = "-Onone";
			};
			name = Debug;
		};
		A9CA71E2276F745A009CC78B /* Release */ = {
			isa = XCBuildConfiguration;
			buildSettings = {
				ALWAYS_SEARCH_USER_PATHS = NO;
				CLANG_ANALYZER_NONNULL = YES;
				CLANG_ANALYZER_NUMBER_OBJECT_CONVERSION = YES_AGGRESSIVE;
				CLANG_CXX_LANGUAGE_STANDARD = "gnu++17";
				CLANG_CXX_LIBRARY = "libc++";
				CLANG_ENABLE_MODULES = YES;
				CLANG_ENABLE_OBJC_ARC = YES;
				CLANG_ENABLE_OBJC_WEAK = YES;
				CLANG_WARN_BLOCK_CAPTURE_AUTORELEASING = YES;
				CLANG_WARN_BOOL_CONVERSION = YES;
				CLANG_WARN_COMMA = YES;
				CLANG_WARN_CONSTANT_CONVERSION = YES;
				CLANG_WARN_DEPRECATED_OBJC_IMPLEMENTATIONS = YES;
				CLANG_WARN_DIRECT_OBJC_ISA_USAGE = YES_ERROR;
				CLANG_WARN_DOCUMENTATION_COMMENTS = YES;
				CLANG_WARN_EMPTY_BODY = YES;
				CLANG_WARN_ENUM_CONVERSION = YES;
				CLANG_WARN_INFINITE_RECURSION = YES;
				CLANG_WARN_INT_CONVERSION = YES;
				CLANG_WARN_NON_LITERAL_NULL_CONVERSION = YES;
				CLANG_WARN_OBJC_IMPLICIT_RETAIN_SELF = YES;
				CLANG_WARN_OBJC_LITERAL_CONVERSION = YES;
				CLANG_WARN_OBJC_ROOT_CLASS = YES_ERROR;
				CLANG_WARN_QUOTED_INCLUDE_IN_FRAMEWORK_HEADER = YES;
				CLANG_WARN_RANGE_LOOP_ANALYSIS = YES;
				CLANG_WARN_STRICT_PROTOTYPES = YES;
				CLANG_WARN_SUSPICIOUS_MOVE = YES;
				CLANG_WARN_UNGUARDED_AVAILABILITY = YES_AGGRESSIVE;
				CLANG_WARN_UNREACHABLE_CODE = YES;
				CLANG_WARN__DUPLICATE_METHOD_MATCH = YES;
				COPY_PHASE_STRIP = NO;
				DEBUG_INFORMATION_FORMAT = "dwarf-with-dsym";
				ENABLE_NS_ASSERTIONS = NO;
				ENABLE_STRICT_OBJC_MSGSEND = YES;
				GCC_C_LANGUAGE_STANDARD = gnu11;
				GCC_NO_COMMON_BLOCKS = YES;
				GCC_WARN_64_TO_32_BIT_CONVERSION = YES;
				GCC_WARN_ABOUT_RETURN_TYPE = YES_ERROR;
				GCC_WARN_UNDECLARED_SELECTOR = YES;
				GCC_WARN_UNINITIALIZED_AUTOS = YES_AGGRESSIVE;
				GCC_WARN_UNUSED_FUNCTION = YES;
				GCC_WARN_UNUSED_VARIABLE = YES;
				IPHONEOS_DEPLOYMENT_TARGET = 13.0;
				MTL_ENABLE_DEBUG_INFO = NO;
				MTL_FAST_MATH = YES;
				SDKROOT = iphoneos;
				SWIFT_COMPILATION_MODE = wholemodule;
				SWIFT_OPTIMIZATION_LEVEL = "-O";
				VALIDATE_PRODUCT = YES;
			};
			name = Release;
		};
		A9CA71E4276F745A009CC78B /* Debug */ = {
			isa = XCBuildConfiguration;
			baseConfigurationReference = A927A7BDF33A60BFA3190120 /* Pods-Wonderful HITS Shooter.debug.xcconfig */;
			buildSettings = {
				ASSETCATALOG_COMPILER_APPICON_NAME = AppIcon;
				ASSETCATALOG_COMPILER_GLOBAL_ACCENT_COLOR_NAME = AccentColor;
				CODE_SIGN_STYLE = Automatic;
				CURRENT_PROJECT_VERSION = 1;
				DEVELOPMENT_TEAM = LC826B8LG8;
				GENERATE_INFOPLIST_FILE = YES;
				INFOPLIST_FILE = "Wonderful HITS Shooter/Info.plist";
				INFOPLIST_KEY_UIApplicationSupportsIndirectInputEvents = YES;
				INFOPLIST_KEY_UILaunchStoryboardName = LaunchScreen;
				INFOPLIST_KEY_UISupportedInterfaceOrientations = UIInterfaceOrientationPortrait;
				INFOPLIST_KEY_UISupportedInterfaceOrientations_iPad = "UIInterfaceOrientationPortrait UIInterfaceOrientationPortraitUpsideDown UIInterfaceOrientationLandscapeLeft UIInterfaceOrientationLandscapeRight";
				INFOPLIST_KEY_UISupportedInterfaceOrientations_iPhone = "UIInterfaceOrientationPortrait UIInterfaceOrientationLandscapeLeft UIInterfaceOrientationLandscapeRight";
				LD_RUNPATH_SEARCH_PATHS = (
					"$(inherited)",
					"@executable_path/Frameworks",
				);
				MARKETING_VERSION = 1.0;
				PRODUCT_BUNDLE_IDENTIFIER = "Xoxo.Wonderful-HITS-Shooter";
				PRODUCT_NAME = "$(TARGET_NAME)";
				SWIFT_EMIT_LOC_STRINGS = YES;
				SWIFT_VERSION = 5.0;
				TARGETED_DEVICE_FAMILY = "1,2";
			};
			name = Debug;
		};
		A9CA71E5276F745A009CC78B /* Release */ = {
			isa = XCBuildConfiguration;
			baseConfigurationReference = 2AB878125578DD40642BBD46 /* Pods-Wonderful HITS Shooter.release.xcconfig */;
			buildSettings = {
				ASSETCATALOG_COMPILER_APPICON_NAME = AppIcon;
				ASSETCATALOG_COMPILER_GLOBAL_ACCENT_COLOR_NAME = AccentColor;
				CODE_SIGN_STYLE = Automatic;
				CURRENT_PROJECT_VERSION = 1;
				DEVELOPMENT_TEAM = LC826B8LG8;
				GENERATE_INFOPLIST_FILE = YES;
				INFOPLIST_FILE = "Wonderful HITS Shooter/Info.plist";
				INFOPLIST_KEY_UIApplicationSupportsIndirectInputEvents = YES;
				INFOPLIST_KEY_UILaunchStoryboardName = LaunchScreen;
				INFOPLIST_KEY_UISupportedInterfaceOrientations = UIInterfaceOrientationPortrait;
				INFOPLIST_KEY_UISupportedInterfaceOrientations_iPad = "UIInterfaceOrientationPortrait UIInterfaceOrientationPortraitUpsideDown UIInterfaceOrientationLandscapeLeft UIInterfaceOrientationLandscapeRight";
				INFOPLIST_KEY_UISupportedInterfaceOrientations_iPhone = "UIInterfaceOrientationPortrait UIInterfaceOrientationLandscapeLeft UIInterfaceOrientationLandscapeRight";
				LD_RUNPATH_SEARCH_PATHS = (
					"$(inherited)",
					"@executable_path/Frameworks",
				);
				MARKETING_VERSION = 1.0;
				PRODUCT_BUNDLE_IDENTIFIER = "Xoxo.Wonderful-HITS-Shooter";
				PRODUCT_NAME = "$(TARGET_NAME)";
				SWIFT_EMIT_LOC_STRINGS = YES;
				SWIFT_VERSION = 5.0;
				TARGETED_DEVICE_FAMILY = "1,2";
			};
			name = Release;
		};
/* End XCBuildConfiguration section */

/* Begin XCConfigurationList section */
		A9CA71CA276F7459009CC78B /* Build configuration list for PBXProject "Wonderful HITS Shooter" */ = {
			isa = XCConfigurationList;
			buildConfigurations = (
				A9CA71E1276F745A009CC78B /* Debug */,
				A9CA71E2276F745A009CC78B /* Release */,
			);
			defaultConfigurationIsVisible = 0;
			defaultConfigurationName = Release;
		};
		A9CA71E3276F745A009CC78B /* Build configuration list for PBXNativeTarget "Wonderful HITS Shooter" */ = {
			isa = XCConfigurationList;
			buildConfigurations = (
				A9CA71E4276F745A009CC78B /* Debug */,
				A9CA71E5276F745A009CC78B /* Release */,
			);
			defaultConfigurationIsVisible = 0;
			defaultConfigurationName = Release;
		};
/* End XCConfigurationList section */
	};
	rootObject = A9CA71C7276F7459009CC78B /* Project object */;
}
